
Microsoft Visual Studio Solution File, Format Version 12.00
# Visual Studio 15
VisualStudioVersion = 15.0.26124.0
MinimumVisualStudioVersion = 15.0.26124.0
Project("{FAE04EC0-301F-11D3-BF4B-00C04F79EFBC}") = "Domain", "Domain\Domain.csproj", "{1F510E72-1970-43A0-B3C9-91D9313241DB}"
EndProject
Project("{FAE04EC0-301F-11D3-BF4B-00C04F79EFBC}") = "Application", "Application\Application.csproj", "{A0BEC012-952C-4B4D-BFA8-0F143CD2B067}"
EndProject
Project("{FAE04EC0-301F-11D3-BF4B-00C04F79EFBC}") = "Persistence", "Persistence\Persistence.csproj", "{21B99310-FF33-4735-84C1-09C0743832B3}"
EndProject
Project("{FAE04EC0-301F-11D3-BF4B-00C04F79EFBC}") = "API", "API\API.csproj", "{FB35476D-9B4F-4C8F-B3C9-AE8CCDBB6B2F}"
EndProject
Project("{FAE04EC0-301F-11D3-BF4B-00C04F79EFBC}") = "Infrastructure", "Infrastructure\Infrastructure.csproj", "{0E342D6E-D8C6-424E-8056-D7F104CA9200}"
EndProject
Global
	GlobalSection(SolutionConfigurationPlatforms) = preSolution
		Debug|Any CPU = Debug|Any CPU
		Debug|x64 = Debug|x64
		Debug|x86 = Debug|x86
		Release|Any CPU = Release|Any CPU
		Release|x64 = Release|x64
		Release|x86 = Release|x86
	EndGlobalSection
	GlobalSection(SolutionProperties) = preSolution
		HideSolutionNode = FALSE
	EndGlobalSection
	GlobalSection(ProjectConfigurationPlatforms) = postSolution
		{1F510E72-1970-43A0-B3C9-91D9313241DB}.Debug|Any CPU.ActiveCfg = Debug|Any CPU
		{1F510E72-1970-43A0-B3C9-91D9313241DB}.Debug|Any CPU.Build.0 = Debug|Any CPU
		{1F510E72-1970-43A0-B3C9-91D9313241DB}.Debug|x64.ActiveCfg = Debug|Any CPU
		{1F510E72-1970-43A0-B3C9-91D9313241DB}.Debug|x64.Build.0 = Debug|Any CPU
		{1F510E72-1970-43A0-B3C9-91D9313241DB}.Debug|x86.ActiveCfg = Debug|Any CPU
		{1F510E72-1970-43A0-B3C9-91D9313241DB}.Debug|x86.Build.0 = Debug|Any CPU
		{1F510E72-1970-43A0-B3C9-91D9313241DB}.Release|Any CPU.ActiveCfg = Release|Any CPU
		{1F510E72-1970-43A0-B3C9-91D9313241DB}.Release|Any CPU.Build.0 = Release|Any CPU
		{1F510E72-1970-43A0-B3C9-91D9313241DB}.Release|x64.ActiveCfg = Release|Any CPU
		{1F510E72-1970-43A0-B3C9-91D9313241DB}.Release|x64.Build.0 = Release|Any CPU
		{1F510E72-1970-43A0-B3C9-91D9313241DB}.Release|x86.ActiveCfg = Release|Any CPU
		{1F510E72-1970-43A0-B3C9-91D9313241DB}.Release|x86.Build.0 = Release|Any CPU
		{A0BEC012-952C-4B4D-BFA8-0F143CD2B067}.Debug|Any CPU.ActiveCfg = Debug|Any CPU
		{A0BEC012-952C-4B4D-BFA8-0F143CD2B067}.Debug|Any CPU.Build.0 = Debug|Any CPU
		{A0BEC012-952C-4B4D-BFA8-0F143CD2B067}.Debug|x64.ActiveCfg = Debug|Any CPU
		{A0BEC012-952C-4B4D-BFA8-0F143CD2B067}.Debug|x64.Build.0 = Debug|Any CPU
		{A0BEC012-952C-4B4D-BFA8-0F143CD2B067}.Debug|x86.ActiveCfg = Debug|Any CPU
		{A0BEC012-952C-4B4D-BFA8-0F143CD2B067}.Debug|x86.Build.0 = Debug|Any CPU
		{A0BEC012-952C-4B4D-BFA8-0F143CD2B067}.Release|Any CPU.ActiveCfg = Release|Any CPU
		{A0BEC012-952C-4B4D-BFA8-0F143CD2B067}.Release|Any CPU.Build.0 = Release|Any CPU
		{A0BEC012-952C-4B4D-BFA8-0F143CD2B067}.Release|x64.ActiveCfg = Release|Any CPU
		{A0BEC012-952C-4B4D-BFA8-0F143CD2B067}.Release|x64.Build.0 = Release|Any CPU
		{A0BEC012-952C-4B4D-BFA8-0F143CD2B067}.Release|x86.ActiveCfg = Release|Any CPU
		{A0BEC012-952C-4B4D-BFA8-0F143CD2B067}.Release|x86.Build.0 = Release|Any CPU
		{21B99310-FF33-4735-84C1-09C0743832B3}.Debug|Any CPU.ActiveCfg = Debug|Any CPU
		{21B99310-FF33-4735-84C1-09C0743832B3}.Debug|Any CPU.Build.0 = Debug|Any CPU
		{21B99310-FF33-4735-84C1-09C0743832B3}.Debug|x64.ActiveCfg = Debug|Any CPU
		{21B99310-FF33-4735-84C1-09C0743832B3}.Debug|x64.Build.0 = Debug|Any CPU
		{21B99310-FF33-4735-84C1-09C0743832B3}.Debug|x86.ActiveCfg = Debug|Any CPU
		{21B99310-FF33-4735-84C1-09C0743832B3}.Debug|x86.Build.0 = Debug|Any CPU
		{21B99310-FF33-4735-84C1-09C0743832B3}.Release|Any CPU.ActiveCfg = Release|Any CPU
		{21B99310-FF33-4735-84C1-09C0743832B3}.Release|Any CPU.Build.0 = Release|Any CPU
		{21B99310-FF33-4735-84C1-09C0743832B3}.Release|x64.ActiveCfg = Release|Any CPU
		{21B99310-FF33-4735-84C1-09C0743832B3}.Release|x64.Build.0 = Release|Any CPU
		{21B99310-FF33-4735-84C1-09C0743832B3}.Release|x86.ActiveCfg = Release|Any CPU
		{21B99310-FF33-4735-84C1-09C0743832B3}.Release|x86.Build.0 = Release|Any CPU
		{FB35476D-9B4F-4C8F-B3C9-AE8CCDBB6B2F}.Debug|Any CPU.ActiveCfg = Debug|Any CPU
		{FB35476D-9B4F-4C8F-B3C9-AE8CCDBB6B2F}.Debug|Any CPU.Build.0 = Debug|Any CPU
		{FB35476D-9B4F-4C8F-B3C9-AE8CCDBB6B2F}.Debug|x64.ActiveCfg = Debug|Any CPU
		{FB35476D-9B4F-4C8F-B3C9-AE8CCDBB6B2F}.Debug|x64.Build.0 = Debug|Any CPU
		{FB35476D-9B4F-4C8F-B3C9-AE8CCDBB6B2F}.Debug|x86.ActiveCfg = Debug|Any CPU
		{FB35476D-9B4F-4C8F-B3C9-AE8CCDBB6B2F}.Debug|x86.Build.0 = Debug|Any CPU
		{FB35476D-9B4F-4C8F-B3C9-AE8CCDBB6B2F}.Release|Any CPU.ActiveCfg = Release|Any CPU
		{FB35476D-9B4F-4C8F-B3C9-AE8CCDBB6B2F}.Release|Any CPU.Build.0 = Release|Any CPU
		{FB35476D-9B4F-4C8F-B3C9-AE8CCDBB6B2F}.Release|x64.ActiveCfg = Release|Any CPU
		{FB35476D-9B4F-4C8F-B3C9-AE8CCDBB6B2F}.Release|x64.Build.0 = Release|Any CPU
		{FB35476D-9B4F-4C8F-B3C9-AE8CCDBB6B2F}.Release|x86.ActiveCfg = Release|Any CPU
		{FB35476D-9B4F-4C8F-B3C9-AE8CCDBB6B2F}.Release|x86.Build.0 = Release|Any CPU
		{0E342D6E-D8C6-424E-8056-D7F104CA9200}.Debug|Any CPU.ActiveCfg = Debug|Any CPU
		{0E342D6E-D8C6-424E-8056-D7F104CA9200}.Debug|Any CPU.Build.0 = Debug|Any CPU
		{0E342D6E-D8C6-424E-8056-D7F104CA9200}.Debug|x64.ActiveCfg = Debug|Any CPU
		{0E342D6E-D8C6-424E-8056-D7F104CA9200}.Debug|x64.Build.0 = Debug|Any CPU
		{0E342D6E-D8C6-424E-8056-D7F104CA9200}.Debug|x86.ActiveCfg = Debug|Any CPU
		{0E342D6E-D8C6-424E-8056-D7F104CA9200}.Debug|x86.Build.0 = Debug|Any CPU
		{0E342D6E-D8C6-424E-8056-D7F104CA9200}.Release|Any CPU.ActiveCfg = Release|Any CPU
		{0E342D6E-D8C6-424E-8056-D7F104CA9200}.Release|Any CPU.Build.0 = Release|Any CPU
		{0E342D6E-D8C6-424E-8056-D7F104CA9200}.Release|x64.ActiveCfg = Release|Any CPU
		{0E342D6E-D8C6-424E-8056-D7F104CA9200}.Release|x64.Build.0 = Release|Any CPU
		{0E342D6E-D8C6-424E-8056-D7F104CA9200}.Release|x86.ActiveCfg = Release|Any CPU
		{0E342D6E-D8C6-424E-8056-D7F104CA9200}.Release|x86.Build.0 = Release|Any CPU
	EndGlobalSection
EndGlobal
